
Microsoft Visual Studio Solution File, Format Version 12.00
# Visual Studio Version 16
VisualStudioVersion = 16.0.29806.167
MinimumVisualStudioVersion = 10.0.40219.1
Project("{FAE04EC0-301F-11D3-BF4B-00C04F79EFBC}") = "CarManufacturer", "CarManufacturer\CarManufacturer.csproj", "{7679F7F1-DE59-4474-8342-8C4F60E7AECF}"
EndProject
Global
	GlobalSection(SolutionConfigurationPlatforms) = preSolution
		Debug|Any CPU = Debug|Any CPU
		Release|Any CPU = Release|Any CPU
	EndGlobalSection
	GlobalSection(ProjectConfigurationPlatforms) = postSolution
		{7679F7F1-DE59-4474-8342-8C4F60E7AECF}.Debug|Any CPU.ActiveCfg = Debug|Any CPU
		{7679F7F1-DE59-4474-8342-8C4F60E7AECF}.Debug|Any CPU.Build.0 = Debug|Any CPU
		{7679F7F1-DE59-4474-8342-8C4F60E7AECF}.Release|Any CPU.ActiveCfg = Release|Any CPU
		{7679F7F1-DE59-4474-8342-8C4F60E7AECF}.Release|Any CPU.Build.0 = Release|Any CPU
	EndGlobalSection
	GlobalSection(SolutionProperties) = preSolution
		HideSolutionNode = FALSE
	EndGlobalSection
	GlobalSection(ExtensibilityGlobals) = postSolution
		SolutionGuid = {8E0F7852-B9C2-4F10-9965-E924E9652491}
	EndGlobalSection
EndGlobal
