
Microsoft Visual Studio Solution File, Format Version 12.00
# Visual Studio Version 17
VisualStudioVersion = 17.1.32421.90
MinimumVisualStudioVersion = 10.0.40219.1
Project("{9A19103F-16F7-4668-BE54-9A1E7A4F7556}") = "CustomList", "CustomLis\CustomList.csproj", "{ED3D1977-D909-4E5F-BC11-EFF494233546}"
EndProject
Project("{9A19103F-16F7-4668-BE54-9A1E7A4F7556}") = "PasteBin St. Shopov CustomList", "PasteBin St. Shopov CustomList\PasteBin St. Shopov CustomList.csproj", "{042B95D5-2F58-43AF-BF01-83984CD7134C}"
EndProject
Project("{FAE04EC0-301F-11D3-BF4B-00C04F79EFBC}") = "CustomStacк", "CustomStac\CustomStacк.csproj", "{AFBB527E-5661-4A14-BE68-A8CFB8211AB6}"
EndProject
Project("{FAE04EC0-301F-11D3-BF4B-00C04F79EFBC}") = "CustomQueue", "CustomQueue\CustomQueue.csproj", "{157B8153-35D4-43E9-8DA2-4902C1AA307F}"
EndProject
Global
	GlobalSection(SolutionConfigurationPlatforms) = preSolution
		Debug|Any CPU = Debug|Any CPU
		Release|Any CPU = Release|Any CPU
	EndGlobalSection
	GlobalSection(ProjectConfigurationPlatforms) = postSolution
		{ED3D1977-D909-4E5F-BC11-EFF494233546}.Debug|Any CPU.ActiveCfg = Debug|Any CPU
		{ED3D1977-D909-4E5F-BC11-EFF494233546}.Debug|Any CPU.Build.0 = Debug|Any CPU
		{ED3D1977-D909-4E5F-BC11-EFF494233546}.Release|Any CPU.ActiveCfg = Release|Any CPU
		{ED3D1977-D909-4E5F-BC11-EFF494233546}.Release|Any CPU.Build.0 = Release|Any CPU
		{042B95D5-2F58-43AF-BF01-83984CD7134C}.Debug|Any CPU.ActiveCfg = Debug|Any CPU
		{042B95D5-2F58-43AF-BF01-83984CD7134C}.Debug|Any CPU.Build.0 = Debug|Any CPU
		{042B95D5-2F58-43AF-BF01-83984CD7134C}.Release|Any CPU.ActiveCfg = Release|Any CPU
		{042B95D5-2F58-43AF-BF01-83984CD7134C}.Release|Any CPU.Build.0 = Release|Any CPU
		{AFBB527E-5661-4A14-BE68-A8CFB8211AB6}.Debug|Any CPU.ActiveCfg = Debug|Any CPU
		{AFBB527E-5661-4A14-BE68-A8CFB8211AB6}.Debug|Any CPU.Build.0 = Debug|Any CPU
		{AFBB527E-5661-4A14-BE68-A8CFB8211AB6}.Release|Any CPU.ActiveCfg = Release|Any CPU
		{AFBB527E-5661-4A14-BE68-A8CFB8211AB6}.Release|Any CPU.Build.0 = Release|Any CPU
		{157B8153-35D4-43E9-8DA2-4902C1AA307F}.Debug|Any CPU.ActiveCfg = Debug|Any CPU
		{157B8153-35D4-43E9-8DA2-4902C1AA307F}.Debug|Any CPU.Build.0 = Debug|Any CPU
		{157B8153-35D4-43E9-8DA2-4902C1AA307F}.Release|Any CPU.ActiveCfg = Release|Any CPU
		{157B8153-35D4-43E9-8DA2-4902C1AA307F}.Release|Any CPU.Build.0 = Release|Any CPU
	EndGlobalSection
	GlobalSection(SolutionProperties) = preSolution
		HideSolutionNode = FALSE
	EndGlobalSection
	GlobalSection(ExtensibilityGlobals) = postSolution
		SolutionGuid = {A2151612-1731-4853-BDE3-D92B56D4E5F9}
	EndGlobalSection
EndGlobal
