
Microsoft Visual Studio Solution File, Format Version 12.00
# Visual Studio Version 17
VisualStudioVersion = 17.1.32421.90
MinimumVisualStudioVersion = 10.0.40219.1
Project("{FAE04EC0-301F-11D3-BF4B-00C04F79EFBC}") = "01. Birthday Celebration", "01. Birthday Celebration\01. Birthday Celebration.csproj", "{6549B3F4-5E5C-453D-A02C-5ABBE9514058}"
EndProject
Project("{FAE04EC0-301F-11D3-BF4B-00C04F79EFBC}") = "02. The Battle of The Five Armies", "02. The Battle of The Five Armies\02. The Battle of The Five Armies.csproj", "{1BCB58A1-AF49-4938-BEDC-602D3254040E}"
EndProject
Project("{FAE04EC0-301F-11D3-BF4B-00C04F79EFBC}") = "02. The Battle of The Five Armies WITH JAGGED", "ConsoleApp1\02. The Battle of The Five Armies WITH JAGGED.csproj", "{C708519E-7744-4FA4-954F-4736CEC74E25}"
EndProject
Global
	GlobalSection(SolutionConfigurationPlatforms) = preSolution
		Debug|Any CPU = Debug|Any CPU
		Release|Any CPU = Release|Any CPU
	EndGlobalSection
	GlobalSection(ProjectConfigurationPlatforms) = postSolution
		{6549B3F4-5E5C-453D-A02C-5ABBE9514058}.Debug|Any CPU.ActiveCfg = Debug|Any CPU
		{6549B3F4-5E5C-453D-A02C-5ABBE9514058}.Debug|Any CPU.Build.0 = Debug|Any CPU
		{6549B3F4-5E5C-453D-A02C-5ABBE9514058}.Release|Any CPU.ActiveCfg = Release|Any CPU
		{6549B3F4-5E5C-453D-A02C-5ABBE9514058}.Release|Any CPU.Build.0 = Release|Any CPU
		{1BCB58A1-AF49-4938-BEDC-602D3254040E}.Debug|Any CPU.ActiveCfg = Debug|Any CPU
		{1BCB58A1-AF49-4938-BEDC-602D3254040E}.Debug|Any CPU.Build.0 = Debug|Any CPU
		{1BCB58A1-AF49-4938-BEDC-602D3254040E}.Release|Any CPU.ActiveCfg = Release|Any CPU
		{1BCB58A1-AF49-4938-BEDC-602D3254040E}.Release|Any CPU.Build.0 = Release|Any CPU
		{C708519E-7744-4FA4-954F-4736CEC74E25}.Debug|Any CPU.ActiveCfg = Debug|Any CPU
		{C708519E-7744-4FA4-954F-4736CEC74E25}.Debug|Any CPU.Build.0 = Debug|Any CPU
		{C708519E-7744-4FA4-954F-4736CEC74E25}.Release|Any CPU.ActiveCfg = Release|Any CPU
		{C708519E-7744-4FA4-954F-4736CEC74E25}.Release|Any CPU.Build.0 = Release|Any CPU
	EndGlobalSection
	GlobalSection(SolutionProperties) = preSolution
		HideSolutionNode = FALSE
	EndGlobalSection
	GlobalSection(ExtensibilityGlobals) = postSolution
		SolutionGuid = {65F24AC3-B4DA-4EDB-973F-52905694DAA8}
	EndGlobalSection
EndGlobal
